# This file is autogenerated, do not edit; changes may be undone by the next 'dep ensure'.


[[projects]]
  digest = "1:8515c0ca4381246cf332cee05fc84070bbbb07bd679b639161506ba532f47128"
  name = "github.com/VividCortex/gohistogram"
  packages = ["."]
  pruneopts = "UT"
  revision = "51564d9861991fb0ad0f531c99ef602d0f9866e6"
  version = "v1.0.0"

[[projects]]
  digest = "1:46e8ff65fb345dea6a2f96f365a0f6a75b279b115062014c36d24f909b9b74ca"
  name = "github.com/aws/aws-sdk-go"
  packages = [
    "aws",
    "aws/awserr",
    "aws/awsutil",
    "aws/client/metadata",
    "aws/credentials",
    "aws/endpoints",
    "aws/request",
    "aws/signer/v4",
    "internal/context",
    "internal/ini",
    "internal/sdkio",
    "internal/sdkmath",
    "internal/shareddefaults",
    "internal/strings",
    "internal/sync/singleflight",
    "private/protocol",
    "private/protocol/rest",
  ]
  pruneopts = "UT"
  revision = "601ee3cd607a0286d8a6e6f0db7e6195a442e1d1"
  version = "v1.33.13"

[[projects]]
  digest = "1:547f5df5f708c880f0af507317c8d022b8d62053a5cb075e23c6eeed09eb2e4e"
  name = "github.com/fortytw2/leaktest"
  packages = ["."]
  pruneopts = "UT"
  revision = "9a23578d06a26ec1b47bfc8965bf5e7011df8bd6"
  version = "v1.3.0"

[[projects]]
  digest = "1:70d331b80cee0dba98e74023271e3a141c561d82b639e2dc43f594945457b676"
  name = "github.com/go-kit/kit"
  packages = [
    "metrics",
    "metrics/expvar",
    "metrics/generic",
    "metrics/internal/lv",
  ]
  pruneopts = "UT"
  revision = "150a65a7ec6156b4b640c1fd55f26fd3d475d656"
  version = "v0.9.0"

[[projects]]
  branch = "master"
  digest = "1:b7cb6054d3dff43b38ad2e92492f220f57ae6087ee797dca298139776749ace8"
  name = "github.com/golang/groupcache"
  packages = ["lru"]
  pruneopts = "UT"
  revision = "8c9f03a8e57eb486e42badaed3fb287da51807ba"

[[projects]]
  digest = "1:85af59d73a44bd58f524cf05dee34a5021afe1fa4a852079b535c38ae2d1a2e8"
  name = "github.com/google/go-cmp"
  packages = [
    "cmp",
    "cmp/internal/diff",
    "cmp/internal/flags",
    "cmp/internal/function",
    "cmp/internal/value",
  ]
  pruneopts = "UT"
  revision = "9680bfaf28748393e28e00238d94070fb9972fd8"
  version = "v0.5.1"

[[projects]]
  digest = "1:582b704bebaa06b48c29b0cec224a6058a09c86883aaddabde889cd1a5f73e1b"
  name = "github.com/google/uuid"
  packages = ["."]
  pruneopts = "UT"
  revision = "0cd6bf5da1e1c83f8b45653022c74f71af0538a4"
  version = "v1.1.1"

[[projects]]
  digest = "1:bb81097a5b62634f3e9fec1014657855610c82d19b9a40c17612e32651e35dca"
  name = "github.com/jmespath/go-jmespath"
  packages = ["."]
  pruneopts = "UT"
  revision = "c2b33e84"

[[projects]]
  digest = "1:e0b019ee3a64ce51eeb7e0097a372305ac8caf338e50adf8e4bf3b7ce928e132"
  name = "github.com/josharian/intern"
  packages = ["."]
  pruneopts = "UT"
  revision = "8e6ff32b3e7c0b018c43953085fe2ac330fe9acd"
  version = "v1.0.0"

[[projects]]
  digest = "1:86eaf9fc7d0d999cce88d285c10cbf2a057bae6e92f04f6fdfd394e63bcb6ee8"
  name = "github.com/mailru/easyjson"
  packages = [
    ".",
    "buffer",
    "jlexer",
    "jwriter",
  ]
  pruneopts = "UT"
  revision = "87794d0ae89edce44f4bf90b676a1c080bda5e44"
  version = "v0.7.2"

[[projects]]
  digest = "1:85e6fab37d21d4ed23fa029b7a8c77c03d3f0bcf231663bef1ed4639cdd019b6"
  name = "github.com/olivere/env"
  packages = ["."]
  pruneopts = "UT"
  revision = "567958a701e626c743ff3e581f9fdc6582d7b090"
  version = "v1.1.0"

[[projects]]
  digest = "1:194cf2d989389a8e9320f2ac9c07c41488f33241c987575482fc08f7338184ab"
  name = "github.com/opentracing/opentracing-go"
  packages = [
    ".",
    "ext",
    "log",
    "mocktracer",
  ]
  pruneopts = "UT"
  revision = "d34af3eaa63c4d08ab54863a4bdd0daa45212e12"
  version = "v1.2.0"

[[projects]]
  digest = "1:9e1d37b58d17113ec3cb5608ac0382313c5b59470b94ed97d0976e69c7022314"
  name = "github.com/pkg/errors"
  packages = ["."]
  pruneopts = "UT"
  revision = "614d223910a179a466c1767a985424175c39b465"
  version = "v0.9.1"

[[projects]]
  digest = "1:05ad719dddba9f454a7e1426a03eec6d35a483b3a4d3c2626bf153ba20301610"
  name = "github.com/smartystreets/go-aws-auth"
  packages = ["."]
  pruneopts = "UT"
  revision = "8ef1316913ee4f44bc48c2456e44a5c1c68ea53b"
  version = "1.0.0"

[[projects]]
  digest = "1:a4ce817d57150d5a0e88e8eea7bb6b95436bdc4c6423d6d16a4cebfbc36649ce"
  name = "github.com/uber/jaeger-client-go"
  packages = [
    ".",
    "config",
    "internal/baggage",
    "internal/baggage/remote",
    "internal/reporterstats",
    "internal/spanlog",
    "internal/throttler",
    "internal/throttler/remote",
    "log",
    "rpcmetrics",
    "thrift",
    "thrift-gen/agent",
    "thrift-gen/baggage",
    "thrift-gen/jaeger",
    "thrift-gen/sampling",
    "thrift-gen/zipkincore",
    "transport",
    "utils",
  ]
  pruneopts = "UT"
  revision = "121ee6fb26fd9617fc30d0d95569a39c30ca3b76"
  version = "v2.25.0"

[[projects]]
  digest = "1:7051e243ee369e1fc454b91a23366323d7f985668c14c295fa82448c78b0c347"
  name = "github.com/uber/jaeger-lib"
  packages = [
    "metrics",
    "metrics/adapters",
    "metrics/expvar",
    "metrics/go-kit",
    "metrics/go-kit/expvar",
  ]
  pruneopts = "UT"
  revision = "a87ae9d84fb038a8d79266298970720be7c80fcd"
  version = "v2.2.0"

[[projects]]
  digest = "1:c0f7149cd6565b7462a19fdce5a3db122a4ef6a7d384b71a1e3d871977c66773"
  name = "go.opencensus.io"
  packages = [
    ".",
    "internal",
    "trace",
    "trace/internal",
    "trace/tracestate",
  ]
  pruneopts = "UT"
  revision = "5fa069b99bc903d713add0295c7e0a55d34ae573"
  version = "v0.22.4"

[[projects]]
  digest = "1:19525e48b45af69339bd7c2812137dbd1e650a78fc09c7c75482e307d51aa28d"
  name = "go.uber.org/atomic"
  packages = ["."]
  pruneopts = "UT"
  revision = "845920076a298bdb984fb0f1b86052e4ca0a281c"
  version = "v1.6.0"

[[projects]]
  branch = "master"
  digest = "1:b521f10a2d8fa85c04a8ef4e62f2d1e14d303599a55d64dabf9f5a02f84d35eb"
  name = "golang.org/x/sync"
  packages = ["errgroup"]
  pruneopts = "UT"
  revision = "6e8e738ad208923de99951fe0b48239bfd864f28"

[solve-meta]
  analyzer-name = "dep"
  analyzer-version = 1
  input-imports = [
    "github.com/aws/aws-sdk-go/aws/credentials",
    "github.com/aws/aws-sdk-go/aws/signer/v4",
    "github.com/fortytw2/leaktest",
    "github.com/google/go-cmp/cmp",
    "github.com/google/uuid",
    "github.com/mailru/easyjson",
    "github.com/mailru/easyjson/jlexer",
    "github.com/mailru/easyjson/jwriter",
    "github.com/olivere/env",
    "github.com/opentracing/opentracing-go",
    "github.com/opentracing/opentracing-go/ext",
    "github.com/opentracing/opentracing-go/mocktracer",
    "github.com/pkg/errors",
    "github.com/smartystreets/go-aws-auth",
    "github.com/uber/jaeger-client-go/config",
    "github.com/uber/jaeger-client-go/log",
    "github.com/uber/jaeger-lib/metrics/expvar",
    "go.opencensus.io/trace",
    "golang.org/x/sync/errgroup",
  ]
  solver-name = "gps-cdcl"
  solver-version = 1
